
Microsoft Visual Studio Solution File, Format Version 12.00
# Visual Studio 15
VisualStudioVersion = 15.0.27130.2024
MinimumVisualStudioVersion = 10.0.40219.1
Project("{FAE04EC0-301F-11D3-BF4B-00C04F79EFBC}") = "SpeedChecker", "SpeedChecker\SpeedChecker.csproj", "{F8F282A1-C744-4570-9A3E-AC1891D71B12}"
EndProject
Global
	GlobalSection(SolutionConfigurationPlatforms) = preSolution
		Debug|Any CPU = Debug|Any CPU
		Release|Any CPU = Release|Any CPU
	EndGlobalSection
	GlobalSection(ProjectConfigurationPlatforms) = postSolution
		{F8F282A1-C744-4570-9A3E-AC1891D71B12}.Debug|Any CPU.ActiveCfg = Debug|Any CPU
		{F8F282A1-C744-4570-9A3E-AC1891D71B12}.Debug|Any CPU.Build.0 = Debug|Any CPU
		{F8F282A1-C744-4570-9A3E-AC1891D71B12}.Release|Any CPU.ActiveCfg = Release|Any CPU
		{F8F282A1-C744-4570-9A3E-AC1891D71B12}.Release|Any CPU.Build.0 = Release|Any CPU
	EndGlobalSection
	GlobalSection(SolutionProperties) = preSolution
		HideSolutionNode = FALSE
	EndGlobalSection
	GlobalSection(ExtensibilityGlobals) = postSolution
		SolutionGuid = {A3FEA7D5-EFFD-4676-B745-6BC25CF9BDBC}
	EndGlobalSection
EndGlobal
